# This file is automatically @generated by Cargo.
# It is not intended for manual editing.
version = 4

[[package]]
name = "tanren-api"
version = "0.1.0"

[[package]]
name = "tanren-app-services"
version = "0.1.0"

[[package]]
name = "tanren-cli"
version = "0.1.0"

[[package]]
name = "tanren-contract"
version = "0.1.0"

[[package]]
name = "tanren-domain"
version = "0.1.0"

[[package]]
name = "tanren-harness-claude"
version = "0.1.0"

[[package]]
name = "tanren-harness-codex"
version = "0.1.0"

[[package]]
name = "tanren-harness-opencode"
version = "0.1.0"

[[package]]
name = "tanren-mcp"
version = "0.1.0"

[[package]]
name = "tanren-observability"
version = "0.1.0"

[[package]]
name = "tanren-orchestrator"
version = "0.1.0"

[[package]]
name = "tanren-planner"
version = "0.1.0"

[[package]]
name = "tanren-policy"
version = "0.1.0"

[[package]]
name = "tanren-runtime"
version = "0.1.0"

[[package]]
name = "tanren-runtime-docker"
version = "0.1.0"

[[package]]
name = "tanren-runtime-local"
version = "0.1.0"

[[package]]
name = "tanren-runtime-remote"
version = "0.1.0"

[[package]]
name = "tanren-scheduler"
version = "0.1.0"

[[package]]
name = "tanren-store"
version = "0.1.0"

[[package]]
name = "tanren-tui"
version = "0.1.0"

[[package]]
name = "tanrend"
version = "0.1.0"
